Microsoft Visual Studio Solution File, Format Version 11.00
# Visual Studio 2008

Project("{F9B9BB69-D915-CB57-3C27-A3C674F44318}") = "Pattern_2", "Assembly-CSharp.csproj", "{B40FC679-0EED-6782-1163-A18AFBBA5973}"
EndProject
Global
	GlobalSection(SolutionConfigurationPlatforms) = preSolution
		Debug|Any CPU = Debug|Any CPU
		Release|Any CPU = Release|Any CPU
	EndGlobalSection
	GlobalSection(ProjectConfigurationPlatforms) = postSolution
		{B40FC679-0EED-6782-1163-A18AFBBA5973}.Debug|Any CPU.ActiveCfg = Debug|Any CPU
		{B40FC679-0EED-6782-1163-A18AFBBA5973}.Debug|Any CPU.Build.0 = Debug|Any CPU
		{B40FC679-0EED-6782-1163-A18AFBBA5973}.Release|Any CPU.ActiveCfg = Release|Any CPU
		{B40FC679-0EED-6782-1163-A18AFBBA5973}.Release|Any CPU.Build.0 = Release|Any CPU
	EndGlobalSection
	GlobalSection(SolutionProperties) = preSolution
		HideSolutionNode = FALSE
	EndGlobalSection
	GlobalSection(MonoDevelopProperties) = preSolution
		StartupItem = Assembly-CSharp.csproj
	EndGlobalSection
EndGlobal
